{
    "hash": "e60d61f86dfeaf91aaf57a94fb9f91d8",
    "packages": [
        {
            "name": "symfony/console",
            "version": "dev-master",
            "target-dir": "Symfony/Component/Console",
            "source": {
                "type": "git",
                "url": "https://github.com/symfony/Console",
                "reference": "b76fc0d327cb8d90ef0d685f3d696dab714b8327"
            },
            "dist": {
                "type": "zip",
                "url": "https://github.com/symfony/Console/archive/b76fc0d327cb8d90ef0d685f3d696dab714b8327.zip",
                "reference": "b76fc0d327cb8d90ef0d685f3d696dab714b8327",
                "shasum": ""
            },
            "require": {
                "php": ">=5.3.3"
            },
            "time": "2013-01-17 15:25:59",
            "type": "library",
            "extra": {
                "branch-alias": {
                    "dev-master": "2.2-dev"
                }
            },
            "autoload": {
                "psr-0": {
                    "Symfony\\Component\\Console\\": ""
                }
            },
            "notification-url": "http://packagist.org/downloads/",
            "license": [
                "MIT"
            ],
            "authors": [
                {
                    "name": "Fabien Potencier",
                    "email": "fabien@symfony.com"
                },
                {
                    "name": "Symfony Community",
                    "homepage": "http://symfony.com/contributors"
                }
            ],
            "description": "Symfony Console Component",
            "homepage": "http://symfony.com"
        },
        {
            "name": "symfony/finder",
            "version": "v2.1.7",
            "target-dir": "Symfony/Component/Finder",
            "source": {
                "type": "git",
                "url": "https://github.com/symfony/Finder",
                "reference": "v2.1.7"
            },
            "dist": {
                "type": "zip",
                "url": "https://github.com/symfony/Finder/archive/v2.1.7.zip",
                "reference": "v2.1.7",
                "shasum": ""
            },
            "require": {
                "php": ">=5.3.3"
            },
            "time": "2013-01-09 08:51:07",
            "type": "library",
            "autoload": {
                "psr-0": {
                    "Symfony\\Component\\Finder": ""
                }
            },
            "notification-url": "http://packagist.org/downloads/",
            "license": [
                "MIT"
            ],
            "authors": [
                {
                    "name": "Fabien Potencier",
                    "email": "fabien@symfony.com"
                },
                {
                    "name": "Symfony Community",
                    "homepage": "http://symfony.com/contributors"
                }
            ],
            "description": "Symfony Finder Component",
            "homepage": "http://symfony.com"
        },
        {
            "name": "symfony/process",
            "version": "dev-master",
            "target-dir": "Symfony/Component/Process",
            "source": {
                "type": "git",
                "url": "https://github.com/symfony/Process",
                "reference": "dace2b9abb058b8d40452f8ab4532db8e4d273db"
            },
            "dist": {
                "type": "zip",
                "url": "https://github.com/symfony/Process/archive/dace2b9abb058b8d40452f8ab4532db8e4d273db.zip",
                "reference": "dace2b9abb058b8d40452f8ab4532db8e4d273db",
                "shasum": ""
            },
            "require": {
                "php": ">=5.3.3"
            },
            "time": "2013-01-17 15:25:59",
            "type": "library",
            "extra": {
                "branch-alias": {
                    "dev-master": "2.2-dev"
                }
            },
            "autoload": {
                "psr-0": {
                    "Symfony\\Component\\Process\\": ""
                }
            },
            "notification-url": "http://packagist.org/downloads/",
            "license": [
                "MIT"
            ],
            "authors": [
                {
                    "name": "Fabien Potencier",
                    "email": "fabien@symfony.com"
                },
                {
                    "name": "Symfony Community",
                    "homepage": "http://symfony.com/contributors"
                }
            ],
            "description": "Symfony Process Component",
            "homepage": "http://symfony.com"
        },
        {
            "name": "twig/twig",
            "version": "v1.12.1",
            "source": {
                "type": "git",
                "url": "git://github.com/fabpot/Twig.git",
                "reference": "v1.12.1"
            },
            "dist": {
                "type": "zip",
                "url": "https://github.com/fabpot/Twig/archive/v1.12.1.zip",
                "reference": "v1.12.1",
                "shasum": ""
            },
            "require": {
                "php": ">=5.2.4"
            },
            "time": "2013-01-15 20:03:52",
            "type": "library",
            "extra": {
                "branch-alias": {
                    "dev-master": "1.12-dev"
                }
            },
            "autoload": {
                "psr-0": {
                    "Twig_": "lib/"
                }
            },
            "notification-url": "http://packagist.org/downloads/",
            "license": [
                "BSD-3"
            ],
            "authors": [
                {
                    "name": "Fabien Potencier",
                    "email": "fabien@symfony.com"
                },
                {
                    "name": "Armin Ronacher",
                    "email": "armin.ronacher@active-4.com"
                }
            ],
            "description": "Twig, the flexible, fast, and secure template language for PHP",
            "homepage": "http://twig.sensiolabs.org",
            "keywords": [
                "templating"
            ]
        }
    ],
    "packages-dev": null,
    "aliases": [

    ],
    "minimum-stability": "stable",
    "stability-flags": {
        "symfony/console": 20,
        "symfony/process": 20
    }
}
